// !$*UTF8*$!
{
	archiveVersion = 1;
	classes = {
	};
	objectVersion = 56;
	objects = {

/* Begin PBXBuildFile section */
		2D450D4A2C26C11500FA633B /* APButton.swift in Sources */ = {isa = PBXBuildFile; fileRef = 2D450D492C26C11500FA633B /* APButton.swift */; };
		2D450D4C2C26C20400FA633B /* XDismissButton.swift in Sources */ = {isa = PBXBuildFile; fileRef = 2D450D4B2C26C20400FA633B /* XDismissButton.swift */; };
		2D450D4E2C2707C200FA633B /* AccountViewModel.swift in Sources */ = {isa = PBXBuildFile; fileRef = 2D450D4D2C2707C200FA633B /* AccountViewModel.swift */; };
		2D450D502C270AAD00FA633B /* String+Ext.swift in Sources */ = {isa = PBXBuildFile; fileRef = 2D450D4F2C270AAD00FA633B /* String+Ext.swift */; };
		2D67DC402C27C7BD00428BC3 /* User.swift in Sources */ = {isa = PBXBuildFile; fileRef = 2D67DC3F2C27C7BD00428BC3 /* User.swift */; };
		2D67DC432C27E64600428BC3 /* EmptyState.swift in Sources */ = {isa = PBXBuildFile; fileRef = 2D67DC422C27E64600428BC3 /* EmptyState.swift */; };
		2D67DC452C280EE900428BC3 /* Order.swift in Sources */ = {isa = PBXBuildFile; fileRef = 2D67DC442C280EE900428BC3 /* Order.swift */; };
		2DB2B7122DEE57F1009E148F /* Date+Ext.swift in Sources */ = {isa = PBXBuildFile; fileRef = 2DB2B7112DEE57F1009E148F /* Date+Ext.swift */; };
		BD0C61D32C22787900FA2C39 /* NetworkManager.swift in Sources */ = {isa = PBXBuildFile; fileRef = BD0C61D22C22787900FA2C39 /* NetworkManager.swift */; };
		BD0C61D62C22793000FA2C39 /* APError.swift in Sources */ = {isa = PBXBuildFile; fileRef = BD0C61D52C22793000FA2C39 /* APError.swift */; };
		BD0C61D82C2280FE00FA2C39 /* AppetizerListViewModel.swift in Sources */ = {isa = PBXBuildFile; fileRef = BD0C61D72C2280FE00FA2C39 /* AppetizerListViewModel.swift */; };
		BD0C61DA2C22930B00FA2C39 /* Alert.swift in Sources */ = {isa = PBXBuildFile; fileRef = BD0C61D92C22930B00FA2C39 /* Alert.swift */; };
		BD0C61DC2C22A38F00FA2C39 /* LoadingView.swift in Sources */ = {isa = PBXBuildFile; fileRef = BD0C61DB2C22A38F00FA2C39 /* LoadingView.swift */; };
		BD0C61E02C22A70A00FA2C39 /* Color+Ext.swift in Sources */ = {isa = PBXBuildFile; fileRef = BD0C61DF2C22A70A00FA2C39 /* Color+Ext.swift */; };
		BD41A1BF2C1C115D00904F9A /* AppetizersApp.swift in Sources */ = {isa = PBXBuildFile; fileRef = BD41A1BE2C1C115D00904F9A /* AppetizersApp.swift */; };
		BD41A1C32C1C115F00904F9A /* Assets.xcassets in Resources */ = {isa = PBXBuildFile; fileRef = BD41A1C22C1C115F00904F9A /* Assets.xcassets */; };
		BD41A1C62C1C115F00904F9A /* Preview Assets.xcassets in Resources */ = {isa = PBXBuildFile; fileRef = BD41A1C52C1C115F00904F9A /* Preview Assets.xcassets */; };
		BD41A1CD2C1C1FBE00904F9A /* AppetizerListView.swift in Sources */ = {isa = PBXBuildFile; fileRef = BD41A1CC2C1C1FBE00904F9A /* AppetizerListView.swift */; };
		BD41A1CF2C1C1FC700904F9A /* AccountView.swift in Sources */ = {isa = PBXBuildFile; fileRef = BD41A1CE2C1C1FC700904F9A /* AccountView.swift */; };
		BD41A1D12C1C1FCD00904F9A /* OrderView.swift in Sources */ = {isa = PBXBuildFile; fileRef = BD41A1D02C1C1FCD00904F9A /* OrderView.swift */; };
		BD41A1D32C1C200900904F9A /* AppetizerTabView.swift in Sources */ = {isa = PBXBuildFile; fileRef = BD41A1D22C1C200900904F9A /* AppetizerTabView.swift */; };
		BD616F182C1D7643008A93E8 /* Appetizer.swift in Sources */ = {isa = PBXBuildFile; fileRef = BD616F172C1D7643008A93E8 /* Appetizer.swift */; };
		BDA682522C1E885500958625 /* AppetizerListCell.swift in Sources */ = {isa = PBXBuildFile; fileRef = BDA682512C1E885500958625 /* AppetizerListCell.swift */; };
		BDAECAA42C23C0180069B4BF /* RemoteImage.swift in Sources */ = {isa = PBXBuildFile; fileRef = BDAECAA32C23C0180069B4BF /* RemoteImage.swift */; };
		BDAECAB22C23C8E90069B4BF /* AppetizerDetailView.swift in Sources */ = {isa = PBXBuildFile; fileRef = BDAECAB12C23C8E90069B4BF /* AppetizerDetailView.swift */; };
/* End PBXBuildFile section */

/* Begin PBXFileReference section */
		2D450D492C26C11500FA633B /* APButton.swift */ = {isa = PBXFileReference; lastKnownFileType = sourcecode.swift; path = APButton.swift; sourceTree = "<group>"; };
		2D450D4B2C26C20400FA633B /* XDismissButton.swift */ = {isa = PBXFileReference; lastKnownFileType = sourcecode.swift; path = XDismissButton.swift; sourceTree = "<group>"; };
		2D450D4D2C2707C200FA633B /* AccountViewModel.swift */ = {isa = PBXFileReference; lastKnownFileType = sourcecode.swift; path = AccountViewModel.swift; sourceTree = "<group>"; };
		2D450D4F2C270AAD00FA633B /* String+Ext.swift */ = {isa = PBXFileReference; lastKnownFileType = sourcecode.swift; path = "String+Ext.swift"; sourceTree = "<group>"; };
		2D67DC3F2C27C7BD00428BC3 /* User.swift */ = {isa = PBXFileReference; lastKnownFileType = sourcecode.swift; path = User.swift; sourceTree = "<group>"; };
		2D67DC422C27E64600428BC3 /* EmptyState.swift */ = {isa = PBXFileReference; lastKnownFileType = sourcecode.swift; path = EmptyState.swift; sourceTree = "<group>"; };
		2D67DC442C280EE900428BC3 /* Order.swift */ = {isa = PBXFileReference; lastKnownFileType = sourcecode.swift; path = Order.swift; sourceTree = "<group>"; };
		2DB2B7112DEE57F1009E148F /* Date+Ext.swift */ = {isa = PBXFileReference; lastKnownFileType = sourcecode.swift; path = "Date+Ext.swift"; sourceTree = "<group>"; };
		BD0C61D22C22787900FA2C39 /* NetworkManager.swift */ = {isa = PBXFileReference; lastKnownFileType = sourcecode.swift; path = NetworkManager.swift; sourceTree = "<group>"; };
		BD0C61D52C22793000FA2C39 /* APError.swift */ = {isa = PBXFileReference; lastKnownFileType = sourcecode.swift; path = APError.swift; sourceTree = "<group>"; };
		BD0C61D72C2280FE00FA2C39 /* AppetizerListViewModel.swift */ = {isa = PBXFileReference; lastKnownFileType = sourcecode.swift; path = AppetizerListViewModel.swift; sourceTree = "<group>"; };
		BD0C61D92C22930B00FA2C39 /* Alert.swift */ = {isa = PBXFileReference; lastKnownFileType = sourcecode.swift; path = Alert.swift; sourceTree = "<group>"; };
		BD0C61DB2C22A38F00FA2C39 /* LoadingView.swift */ = {isa = PBXFileReference; lastKnownFileType = sourcecode.swift; path = LoadingView.swift; sourceTree = "<group>"; };
		BD0C61DF2C22A70A00FA2C39 /* Color+Ext.swift */ = {isa = PBXFileReference; lastKnownFileType = sourcecode.swift; path = "Color+Ext.swift"; sourceTree = "<group>"; };
		BD41A1BB2C1C115D00904F9A /* Appetizers.app */ = {isa = PBXFileReference; explicitFileType = wrapper.application; includeInIndex = 0; path = Appetizers.app; sourceTree = BUILT_PRODUCTS_DIR; };
		BD41A1BE2C1C115D00904F9A /* AppetizersApp.swift */ = {isa = PBXFileReference; lastKnownFileType = sourcecode.swift; path = AppetizersApp.swift; sourceTree = "<group>"; };
		BD41A1C22C1C115F00904F9A /* Assets.xcassets */ = {isa = PBXFileReference; lastKnownFileType = folder.assetcatalog; path = Assets.xcassets; sourceTree = "<group>"; };
		BD41A1C52C1C115F00904F9A /* Preview Assets.xcassets */ = {isa = PBXFileReference; lastKnownFileType = folder.assetcatalog; path = "Preview Assets.xcassets"; sourceTree = "<group>"; };
		BD41A1CC2C1C1FBE00904F9A /* AppetizerListView.swift */ = {isa = PBXFileReference; lastKnownFileType = sourcecode.swift; path = AppetizerListView.swift; sourceTree = "<group>"; };
		BD41A1CE2C1C1FC700904F9A /* AccountView.swift */ = {isa = PBXFileReference; lastKnownFileType = sourcecode.swift; path = AccountView.swift; sourceTree = "<group>"; };
		BD41A1D02C1C1FCD00904F9A /* OrderView.swift */ = {isa = PBXFileReference; lastKnownFileType = sourcecode.swift; path = OrderView.swift; sourceTree = "<group>"; };
		BD41A1D22C1C200900904F9A /* AppetizerTabView.swift */ = {isa = PBXFileReference; lastKnownFileType = sourcecode.swift; path = AppetizerTabView.swift; sourceTree = "<group>"; };
		BD616F172C1D7643008A93E8 /* Appetizer.swift */ = {isa = PBXFileReference; lastKnownFileType = sourcecode.swift; path = Appetizer.swift; sourceTree = "<group>"; };
		BDA682512C1E885500958625 /* AppetizerListCell.swift */ = {isa = PBXFileReference; lastKnownFileType = sourcecode.swift; path = AppetizerListCell.swift; sourceTree = "<group>"; };
		BDAECAA32C23C0180069B4BF /* RemoteImage.swift */ = {isa = PBXFileReference; lastKnownFileType = sourcecode.swift; path = RemoteImage.swift; sourceTree = "<group>"; };
		BDAECAB12C23C8E90069B4BF /* AppetizerDetailView.swift */ = {isa = PBXFileReference; lastKnownFileType = sourcecode.swift; path = AppetizerDetailView.swift; sourceTree = "<group>"; };
/* End PBXFileReference section */

/* Begin PBXFrameworksBuildPhase section */
		BD41A1B82C1C115D00904F9A /* Frameworks */ = {
			isa = PBXFrameworksBuildPhase;
			buildActionMask = 2147483647;
			files = (
			);
			runOnlyForDeploymentPostprocessing = 0;
		};
/* End PBXFrameworksBuildPhase section */

/* Begin PBXGroup section */
		2D450D482C26C10800FA633B /* Buttons */ = {
			isa = PBXGroup;
			children = (
				2D450D492C26C11500FA633B /* APButton.swift */,
				2D450D4B2C26C20400FA633B /* XDismissButton.swift */,
			);
			path = Buttons;
			sourceTree = "<group>";
		};
		2D67DC412C27E63A00428BC3 /* Empty States */ = {
			isa = PBXGroup;
			children = (
				2D67DC422C27E64600428BC3 /* EmptyState.swift */,
			);
			path = "Empty States";
			sourceTree = "<group>";
		};
		BD0C61D42C22792000FA2C39 /* Utilities */ = {
			isa = PBXGroup;
			children = (
				BDAECAAB2C23C4C70069B4BF /* Alerts */,
				BDAECAAA2C23C4B20069B4BF /* Extensions */,
				BDAECAA92C23C4AA0069B4BF /* Managers */,
			);
			path = Utilities;
			sourceTree = "<group>";
		};
		BD41A1B22C1C115D00904F9A = {
			isa = PBXGroup;
			children = (
				BD41A1BD2C1C115D00904F9A /* Appetizers */,
				BD41A1BC2C1C115D00904F9A /* Products */,
			);
			sourceTree = "<group>";
		};
		BD41A1BC2C1C115D00904F9A /* Products */ = {
			isa = PBXGroup;
			children = (
				BD41A1BB2C1C115D00904F9A /* Appetizers.app */,
			);
			name = Products;
			sourceTree = "<group>";
		};
		BD41A1BD2C1C115D00904F9A /* Appetizers */ = {
			isa = PBXGroup;
			children = (
				BDAECAAD2C23C50A0069B4BF /* Views */,
				BDAECAAC2C23C4E30069B4BF /* Model */,
				BD0C61D42C22792000FA2C39 /* Utilities */,
				BDAECAA52C23C42E0069B4BF /* Screens */,
				BD41A1BE2C1C115D00904F9A /* AppetizersApp.swift */,
				BD41A1C22C1C115F00904F9A /* Assets.xcassets */,
				BD41A1C42C1C115F00904F9A /* Preview Content */,
			);
			path = Appetizers;
			sourceTree = "<group>";
		};
		BD41A1C42C1C115F00904F9A /* Preview Content */ = {
			isa = PBXGroup;
			children = (
				BD41A1C52C1C115F00904F9A /* Preview Assets.xcassets */,
			);
			path = "Preview Content";
			sourceTree = "<group>";
		};
		BDAECAA52C23C42E0069B4BF /* Screens */ = {
			isa = PBXGroup;
			children = (
				BD41A1D22C1C200900904F9A /* AppetizerTabView.swift */,
				BDAECAA82C23C4680069B4BF /* AppetizerListView */,
				BDAECAA72C23C4590069B4BF /* AccountView */,
				BDAECAA62C23C4440069B4BF /* OrderView */,
			);
			path = Screens;
			sourceTree = "<group>";
		};
		BDAECAA62C23C4440069B4BF /* OrderView */ = {
			isa = PBXGroup;
			children = (
				BD41A1D02C1C1FCD00904F9A /* OrderView.swift */,
			);
			path = OrderView;
			sourceTree = "<group>";
		};
		BDAECAA72C23C4590069B4BF /* AccountView */ = {
			isa = PBXGroup;
			children = (
				2D450D4D2C2707C200FA633B /* AccountViewModel.swift */,
				BD41A1CE2C1C1FC700904F9A /* AccountView.swift */,
			);
			path = AccountView;
			sourceTree = "<group>";
		};
		BDAECAA82C23C4680069B4BF /* AppetizerListView */ = {
			isa = PBXGroup;
			children = (
				BD0C61D72C2280FE00FA2C39 /* AppetizerListViewModel.swift */,
				BD41A1CC2C1C1FBE00904F9A /* AppetizerListView.swift */,
				BDAECAB12C23C8E90069B4BF /* AppetizerDetailView.swift */,
			);
			path = AppetizerListView;
			sourceTree = "<group>";
		};
		BDAECAA92C23C4AA0069B4BF /* Managers */ = {
			isa = PBXGroup;
			children = (
				BD0C61D22C22787900FA2C39 /* NetworkManager.swift */,
			);
			path = Managers;
			sourceTree = "<group>";
		};
		BDAECAAA2C23C4B20069B4BF /* Extensions */ = {
			isa = PBXGroup;
			children = (
				BD0C61DF2C22A70A00FA2C39 /* Color+Ext.swift */,
				2D450D4F2C270AAD00FA633B /* String+Ext.swift */,
				2DB2B7112DEE57F1009E148F /* Date+Ext.swift */,
			);
			path = Extensions;
			sourceTree = "<group>";
		};
		BDAECAAB2C23C4C70069B4BF /* Alerts */ = {
			isa = PBXGroup;
			children = (
				BD0C61D52C22793000FA2C39 /* APError.swift */,
				BD0C61D92C22930B00FA2C39 /* Alert.swift */,
			);
			path = Alerts;
			sourceTree = "<group>";
		};
		BDAECAAC2C23C4E30069B4BF /* Model */ = {
			isa = PBXGroup;
			children = (
				BD616F172C1D7643008A93E8 /* Appetizer.swift */,
				2D67DC3F2C27C7BD00428BC3 /* User.swift */,
				2D67DC442C280EE900428BC3 /* Order.swift */,
			);
			path = Model;
			sourceTree = "<group>";
		};
		BDAECAAD2C23C50A0069B4BF /* Views */ = {
			isa = PBXGroup;
			children = (
				2D67DC412C27E63A00428BC3 /* Empty States */,
				2D450D482C26C10800FA633B /* Buttons */,
				BDAECAB02C23C5280069B4BF /* Image */,
				BDAECAAF2C23C5220069B4BF /* Cells */,
				BDAECAAE2C23C50E0069B4BF /* UIKit Components */,
			);
			path = Views;
			sourceTree = "<group>";
		};
		BDAECAAE2C23C50E0069B4BF /* UIKit Components */ = {
			isa = PBXGroup;
			children = (
				BD0C61DB2C22A38F00FA2C39 /* LoadingView.swift */,
			);
			path = "UIKit Components";
			sourceTree = "<group>";
		};
		BDAECAAF2C23C5220069B4BF /* Cells */ = {
			isa = PBXGroup;
			children = (
				BDA682512C1E885500958625 /* AppetizerListCell.swift */,
			);
			path = Cells;
			sourceTree = "<group>";
		};
		BDAECAB02C23C5280069B4BF /* Image */ = {
			isa = PBXGroup;
			children = (
				BDAECAA32C23C0180069B4BF /* RemoteImage.swift */,
			);
			path = Image;
			sourceTree = "<group>";
		};
/* End PBXGroup section */

/* Begin PBXNativeTarget section */
		BD41A1BA2C1C115D00904F9A /* Appetizers */ = {
			isa = PBXNativeTarget;
			buildConfigurationList = BD41A1C92C1C115F00904F9A /* Build configuration list for PBXNativeTarget "Appetizers" */;
			buildPhases = (
				BD41A1B72C1C115D00904F9A /* Sources */,
				BD41A1B82C1C115D00904F9A /* Frameworks */,
				BD41A1B92C1C115D00904F9A /* Resources */,
			);
			buildRules = (
			);
			dependencies = (
			);
			name = Appetizers;
			productName = Appetizers;
			productReference = BD41A1BB2C1C115D00904F9A /* Appetizers.app */;
			productType = "com.apple.product-type.application";
		};
/* End PBXNativeTarget section */

/* Begin PBXProject section */
		BD41A1B32C1C115D00904F9A /* Project object */ = {
			isa = PBXProject;
			attributes = {
				BuildIndependentTargetsInParallel = 1;
				LastSwiftUpdateCheck = 1530;
				LastUpgradeCheck = 1530;
				TargetAttributes = {
					BD41A1BA2C1C115D00904F9A = {
						CreatedOnToolsVersion = 15.3;
					};
				};
			};
			buildConfigurationList = BD41A1B62C1C115D00904F9A /* Build configuration list for PBXProject "Appetizers" */;
			compatibilityVersion = "Xcode 14.0";
			developmentRegion = en;
			hasScannedForEncodings = 0;
			knownRegions = (
				en,
				Base,
			);
			mainGroup = BD41A1B22C1C115D00904F9A;
			productRefGroup = BD41A1BC2C1C115D00904F9A /* Products */;
			projectDirPath = "";
			projectRoot = "";
			targets = (
				BD41A1BA2C1C115D00904F9A /* Appetizers */,
			);
		};
/* End PBXProject section */

/* Begin PBXResourcesBuildPhase section */
		BD41A1B92C1C115D00904F9A /* Resources */ = {
			isa = PBXResourcesBuildPhase;
			buildActionMask = 2147483647;
			files = (
				BD41A1C62C1C115F00904F9A /* Preview Assets.xcassets in Resources */,
				BD41A1C32C1C115F00904F9A /* Assets.xcassets in Resources */,
			);
			runOnlyForDeploymentPostprocessing = 0;
		};
/* End PBXResourcesBuildPhase section */

/* Begin PBXSourcesBuildPhase section */
		BD41A1B72C1C115D00904F9A /* Sources */ = {
			isa = PBXSourcesBuildPhase;
			buildActionMask = 2147483647;
			files = (
				BD616F182C1D7643008A93E8 /* Appetizer.swift in Sources */,
				BD0C61D62C22793000FA2C39 /* APError.swift in Sources */,
				2D450D4C2C26C20400FA633B /* XDismissButton.swift in Sources */,
				BDA682522C1E885500958625 /* AppetizerListCell.swift in Sources */,
				2DB2B7122DEE57F1009E148F /* Date+Ext.swift in Sources */,
				2D67DC452C280EE900428BC3 /* Order.swift in Sources */,
				2D450D4E2C2707C200FA633B /* AccountViewModel.swift in Sources */,
				BD0C61D82C2280FE00FA2C39 /* AppetizerListViewModel.swift in Sources */,
				BD0C61E02C22A70A00FA2C39 /* Color+Ext.swift in Sources */,
				BD41A1CF2C1C1FC700904F9A /* AccountView.swift in Sources */,
				2D67DC402C27C7BD00428BC3 /* User.swift in Sources */,
				2D450D4A2C26C11500FA633B /* APButton.swift in Sources */,
				BD0C61DC2C22A38F00FA2C39 /* LoadingView.swift in Sources */,
				BD41A1BF2C1C115D00904F9A /* AppetizersApp.swift in Sources */,
				BD0C61D32C22787900FA2C39 /* NetworkManager.swift in Sources */,
				BDAECAA42C23C0180069B4BF /* RemoteImage.swift in Sources */,
				2D450D502C270AAD00FA633B /* String+Ext.swift in Sources */,
				2D67DC432C27E64600428BC3 /* EmptyState.swift in Sources */,
				BDAECAB22C23C8E90069B4BF /* AppetizerDetailView.swift in Sources */,
				BD41A1D32C1C200900904F9A /* AppetizerTabView.swift in Sources */,
				BD0C61DA2C22930B00FA2C39 /* Alert.swift in Sources */,
				BD41A1CD2C1C1FBE00904F9A /* AppetizerListView.swift in Sources */,
				BD41A1D12C1C1FCD00904F9A /* OrderView.swift in Sources */,
			);
			runOnlyForDeploymentPostprocessing = 0;
		};
/* End PBXSourcesBuildPhase section */

/* Begin XCBuildConfiguration section */
		BD41A1C72C1C115F00904F9A /* Debug */ = {
			isa = XCBuildConfiguration;
			buildSettings = {
				ALWAYS_SEARCH_USER_PATHS = NO;
				ASSETCATALOG_COMPILER_GENERATE_SWIFT_ASSET_SYMBOL_EXTENSIONS = YES;
				CLANG_ANALYZER_NONNULL = YES;
				CLANG_ANALYZER_NUMBER_OBJECT_CONVERSION = YES_AGGRESSIVE;
				CLANG_CXX_LANGUAGE_STANDARD = "gnu++20";
				CLANG_ENABLE_MODULES = YES;
				CLANG_ENABLE_OBJC_ARC = YES;
				CLANG_ENABLE_OBJC_WEAK = YES;
				CLANG_WARN_BLOCK_CAPTURE_AUTORELEASING = YES;
				CLANG_WARN_BOOL_CONVERSION = YES;
				CLANG_WARN_COMMA = YES;
				CLANG_WARN_CONSTANT_CONVERSION = YES;
				CLANG_WARN_DEPRECATED_OBJC_IMPLEMENTATIONS = YES;
				CLANG_WARN_DIRECT_OBJC_ISA_USAGE = YES_ERROR;
				CLANG_WARN_DOCUMENTATION_COMMENTS = YES;
				CLANG_WARN_EMPTY_BODY = YES;
				CLANG_WARN_ENUM_CONVERSION = YES;
				CLANG_WARN_INFINITE_RECURSION = YES;
				CLANG_WARN_INT_CONVERSION = YES;
				CLANG_WARN_NON_LITERAL_NULL_CONVERSION = YES;
				CLANG_WARN_OBJC_IMPLICIT_RETAIN_SELF = YES;
				CLANG_WARN_OBJC_LITERAL_CONVERSION = YES;
				CLANG_WARN_OBJC_ROOT_CLASS = YES_ERROR;
				CLANG_WARN_QUOTED_INCLUDE_IN_FRAMEWORK_HEADER = YES;
				CLANG_WARN_RANGE_LOOP_ANALYSIS = YES;
				CLANG_WARN_STRICT_PROTOTYPES = YES;
				CLANG_WARN_SUSPICIOUS_MOVE = YES;
				CLANG_WARN_UNGUARDED_AVAILABILITY = YES_AGGRESSIVE;
				CLANG_WARN_UNREACHABLE_CODE = YES;
				CLANG_WARN__DUPLICATE_METHOD_MATCH = YES;
				COPY_PHASE_STRIP = NO;
				DEBUG_INFORMATION_FORMAT = dwarf;
				ENABLE_STRICT_OBJC_MSGSEND = YES;
				ENABLE_TESTABILITY = YES;
				ENABLE_USER_SCRIPT_SANDBOXING = YES;
				GCC_C_LANGUAGE_STANDARD = gnu17;
				GCC_DYNAMIC_NO_PIC = NO;
				GCC_NO_COMMON_BLOCKS = YES;
				GCC_OPTIMIZATION_LEVEL = 0;
				GCC_PREPROCESSOR_DEFINITIONS = (
					"DEBUG=1",
					"$(inherited)",
				);
				GCC_WARN_64_TO_32_BIT_CONVERSION = YES;
				GCC_WARN_ABOUT_RETURN_TYPE = YES_ERROR;
				GCC_WARN_UNDECLARED_SELECTOR = YES;
				GCC_WARN_UNINITIALIZED_AUTOS = YES_AGGRESSIVE;
				GCC_WARN_UNUSED_FUNCTION = YES;
				GCC_WARN_UNUSED_VARIABLE = YES;
				IPHONEOS_DEPLOYMENT_TARGET = 16.0;
				LOCALIZATION_PREFERS_STRING_CATALOGS = YES;
				MTL_ENABLE_DEBUG_INFO = INCLUDE_SOURCE;
				MTL_FAST_MATH = YES;
				ONLY_ACTIVE_ARCH = YES;
				SDKROOT = iphoneos;
				SWIFT_ACTIVE_COMPILATION_CONDITIONS = "DEBUG $(inherited)";
				SWIFT_OPTIMIZATION_LEVEL = "-Onone";
			};
			name = Debug;
		};
		BD41A1C82C1C115F00904F9A /* Release */ = {
			isa = XCBuildConfiguration;
			buildSettings = {
				ALWAYS_SEARCH_USER_PATHS = NO;
				ASSETCATALOG_COMPILER_GENERATE_SWIFT_ASSET_SYMBOL_EXTENSIONS = YES;
				CLANG_ANALYZER_NONNULL = YES;
				CLANG_ANALYZER_NUMBER_OBJECT_CONVERSION = YES_AGGRESSIVE;
				CLANG_CXX_LANGUAGE_STANDARD = "gnu++20";
				CLANG_ENABLE_MODULES = YES;
				CLANG_ENABLE_OBJC_ARC = YES;
				CLANG_ENABLE_OBJC_WEAK = YES;
				CLANG_WARN_BLOCK_CAPTURE_AUTORELEASING = YES;
				CLANG_WARN_BOOL_CONVERSION = YES;
				CLANG_WARN_COMMA = YES;
				CLANG_WARN_CONSTANT_CONVERSION = YES;
				CLANG_WARN_DEPRECATED_OBJC_IMPLEMENTATIONS = YES;
				CLANG_WARN_DIRECT_OBJC_ISA_USAGE = YES_ERROR;
				CLANG_WARN_DOCUMENTATION_COMMENTS = YES;
				CLANG_WARN_EMPTY_BODY = YES;
				CLANG_WARN_ENUM_CONVERSION = YES;
				CLANG_WARN_INFINITE_RECURSION = YES;
				CLANG_WARN_INT_CONVERSION = YES;
				CLANG_WARN_NON_LITERAL_NULL_CONVERSION = YES;
				CLANG_WARN_OBJC_IMPLICIT_RETAIN_SELF = YES;
				CLANG_WARN_OBJC_LITERAL_CONVERSION = YES;
				CLANG_WARN_OBJC_ROOT_CLASS = YES_ERROR;
				CLANG_WARN_QUOTED_INCLUDE_IN_FRAMEWORK_HEADER = YES;
				CLANG_WARN_RANGE_LOOP_ANALYSIS = YES;
				CLANG_WARN_STRICT_PROTOTYPES = YES;
				CLANG_WARN_SUSPICIOUS_MOVE = YES;
				CLANG_WARN_UNGUARDED_AVAILABILITY = YES_AGGRESSIVE;
				CLANG_WARN_UNREACHABLE_CODE = YES;
				CLANG_WARN__DUPLICATE_METHOD_MATCH = YES;
				COPY_PHASE_STRIP = NO;
				DEBUG_INFORMATION_FORMAT = "dwarf-with-dsym";
				ENABLE_NS_ASSERTIONS = NO;
				ENABLE_STRICT_OBJC_MSGSEND = YES;
				ENABLE_USER_SCRIPT_SANDBOXING = YES;
				GCC_C_LANGUAGE_STANDARD = gnu17;
				GCC_NO_COMMON_BLOCKS = YES;
				GCC_WARN_64_TO_32_BIT_CONVERSION = YES;
				GCC_WARN_ABOUT_RETURN_TYPE = YES_ERROR;
				GCC_WARN_UNDECLARED_SELECTOR = YES;
				GCC_WARN_UNINITIALIZED_AUTOS = YES_AGGRESSIVE;
				GCC_WARN_UNUSED_FUNCTION = YES;
				GCC_WARN_UNUSED_VARIABLE = YES;
				IPHONEOS_DEPLOYMENT_TARGET = 16.0;
				LOCALIZATION_PREFERS_STRING_CATALOGS = YES;
				MTL_ENABLE_DEBUG_INFO = NO;
				MTL_FAST_MATH = YES;
				SDKROOT = iphoneos;
				SWIFT_COMPILATION_MODE = wholemodule;
				VALIDATE_PRODUCT = YES;
			};
			name = Release;
		};
		BD41A1CA2C1C115F00904F9A /* Debug */ = {
			isa = XCBuildConfiguration;
			buildSettings = {
				ASSETCATALOG_COMPILER_APPICON_NAME = AppIcon;
				ASSETCATALOG_COMPILER_GLOBAL_ACCENT_COLOR_NAME = AccentColor;
				CODE_SIGN_IDENTITY = "Apple Development";
				CODE_SIGN_STYLE = Automatic;
				CURRENT_PROJECT_VERSION = 1;
				DEVELOPMENT_ASSET_PATHS = "\"Appetizers/Preview Content\"";
				DEVELOPMENT_TEAM = 3KG88YL8V2;
				ENABLE_PREVIEWS = YES;
				GENERATE_INFOPLIST_FILE = YES;
				INFOPLIST_KEY_UIApplicationSceneManifest_Generation = YES;
				INFOPLIST_KEY_UIApplicationSupportsIndirectInputEvents = YES;
				INFOPLIST_KEY_UILaunchScreen_Generation = YES;
				INFOPLIST_KEY_UISupportedInterfaceOrientations_iPad = UIInterfaceOrientationLandscapeLeft;
				IPHONEOS_DEPLOYMENT_TARGET = 16.6;
				LD_RUNPATH_SEARCH_PATHS = (
					"$(inherited)",
					"@executable_path/Frameworks",
				);
				MARKETING_VERSION = 1.0;
				PRODUCT_BUNDLE_IDENTIFIER = com.patrick.iOS.Appetizers;
				PRODUCT_NAME = "$(TARGET_NAME)";
				PROVISIONING_PROFILE_SPECIFIER = "";
				SUPPORTED_PLATFORMS = "iphoneos iphonesimulator";
				SUPPORTS_MACCATALYST = NO;
				SUPPORTS_MAC_DESIGNED_FOR_IPHONE_IPAD = NO;
				SUPPORTS_XR_DESIGNED_FOR_IPHONE_IPAD = NO;
				SWIFT_EMIT_LOC_STRINGS = YES;
				SWIFT_VERSION = 5.0;
				TARGETED_DEVICE_FAMILY = "1,2";
			};
			name = Debug;
		};
		BD41A1CB2C1C115F00904F9A /* Release */ = {
			isa = XCBuildConfiguration;
			buildSettings = {
				ASSETCATALOG_COMPILER_APPICON_NAME = AppIcon;
				ASSETCATALOG_COMPILER_GLOBAL_ACCENT_COLOR_NAME = AccentColor;
				CODE_SIGN_IDENTITY = "Apple Development";
				CODE_SIGN_STYLE = Automatic;
				CURRENT_PROJECT_VERSION = 1;
				DEVELOPMENT_ASSET_PATHS = "\"Appetizers/Preview Content\"";
				DEVELOPMENT_TEAM = 3KG88YL8V2;
				ENABLE_PREVIEWS = YES;
				GENERATE_INFOPLIST_FILE = YES;
				INFOPLIST_KEY_UIApplicationSceneManifest_Generation = YES;
				INFOPLIST_KEY_UIApplicationSupportsIndirectInputEvents = YES;
				INFOPLIST_KEY_UILaunchScreen_Generation = YES;
				INFOPLIST_KEY_UISupportedInterfaceOrientations_iPad = UIInterfaceOrientationLandscapeLeft;
				IPHONEOS_DEPLOYMENT_TARGET = 16.6;
				LD_RUNPATH_SEARCH_PATHS = (
					"$(inherited)",
					"@executable_path/Frameworks",
				);
				MARKETING_VERSION = 1.0;
				PRODUCT_BUNDLE_IDENTIFIER = com.patrick.iOS.Appetizers;
				PRODUCT_NAME = "$(TARGET_NAME)";
				PROVISIONING_PROFILE_SPECIFIER = "";
				SUPPORTED_PLATFORMS = "iphoneos iphonesimulator";
				SUPPORTS_MACCATALYST = NO;
				SUPPORTS_MAC_DESIGNED_FOR_IPHONE_IPAD = NO;
				SUPPORTS_XR_DESIGNED_FOR_IPHONE_IPAD = NO;
				SWIFT_EMIT_LOC_STRINGS = YES;
				SWIFT_VERSION = 5.0;
				TARGETED_DEVICE_FAMILY = "1,2";
			};
			name = Release;
		};
/* End XCBuildConfiguration section */

/* Begin XCConfigurationList section */
		BD41A1B62C1C115D00904F9A /* Build configuration list for PBXProject "Appetizers" */ = {
			isa = XCConfigurationList;
			buildConfigurations = (
				BD41A1C72C1C115F00904F9A /* Debug */,
				BD41A1C82C1C115F00904F9A /* Release */,
			);
			defaultConfigurationIsVisible = 0;
			defaultConfigurationName = Release;
		};
		BD41A1C92C1C115F00904F9A /* Build configuration list for PBXNativeTarget "Appetizers" */ = {
			isa = XCConfigurationList;
			buildConfigurations = (
				BD41A1CA2C1C115F00904F9A /* Debug */,
				BD41A1CB2C1C115F00904F9A /* Release */,
			);
			defaultConfigurationIsVisible = 0;
			defaultConfigurationName = Release;
		};
/* End XCConfigurationList section */
	};
	rootObject = BD41A1B32C1C115D00904F9A /* Project object */;
}
